
Microsoft Visual Studio Solution File, Format Version 11.00
# Visual Studio 2010
Project("{FAE04EC0-301F-11D3-BF4B-00C04F79EFBC}") = "Assembly-CSharp", "Assembly-CSharp.csproj", "{97BC04B7-782C-D1DD-D704-AE03124B9EE7}"
EndProject
Project("{FAE04EC0-301F-11D3-BF4B-00C04F79EFBC}") = "Assembly-CSharp-Editor", "Assembly-CSharp-Editor.csproj", "{27D6FA60-0EA4-1E5D-A18D-0CFCD1B264C0}"
EndProject
Global
	GlobalSection(SolutionConfigurationPlatforms) = preSolution
		Debug|Any CPU = Debug|Any CPU
		Release|Any CPU = Release|Any CPU
	EndGlobalSection
	GlobalSection(ProjectConfigurationPlatforms) = postSolution
		{97BC04B7-782C-D1DD-D704-AE03124B9EE7}.Debug|Any CPU.ActiveCfg = Debug|Any CPU
		{97BC04B7-782C-D1DD-D704-AE03124B9EE7}.Debug|Any CPU.Build.0 = Debug|Any CPU
		{97BC04B7-782C-D1DD-D704-AE03124B9EE7}.Release|Any CPU.ActiveCfg = Release|Any CPU
		{97BC04B7-782C-D1DD-D704-AE03124B9EE7}.Release|Any CPU.Build.0 = Release|Any CPU
		{27D6FA60-0EA4-1E5D-A18D-0CFCD1B264C0}.Debug|Any CPU.ActiveCfg = Debug|Any CPU
		{27D6FA60-0EA4-1E5D-A18D-0CFCD1B264C0}.Debug|Any CPU.Build.0 = Debug|Any CPU
		{27D6FA60-0EA4-1E5D-A18D-0CFCD1B264C0}.Release|Any CPU.ActiveCfg = Release|Any CPU
		{27D6FA60-0EA4-1E5D-A18D-0CFCD1B264C0}.Release|Any CPU.Build.0 = Release|Any CPU
	EndGlobalSection
	GlobalSection(SolutionProperties) = preSolution
		HideSolutionNode = FALSE
	EndGlobalSection
	GlobalSection(MonoDevelopProperties) = preSolution
		StartupItem = Assembly-CSharp.csproj
	EndGlobalSection
EndGlobal
